
Microsoft Visual Studio Solution File, Format Version 12.00
# Visual Studio Version 17
VisualStudioVersion = 17.6.33626.354
MinimumVisualStudioVersion = 10.0.40219.1
Project("{9A19103F-16F7-4668-BE54-9A1E7A4F7556}") = "LampDataBase", "LampDataBase\LampDataBase.csproj", "{54125235-761E-4A07-A836-8DA11101806F}"
EndProject
Global
	GlobalSection(SolutionConfigurationPlatforms) = preSolution
		Debug|Any CPU = Debug|Any CPU
		Debug|x86 = Debug|x86
		Release|Any CPU = Release|Any CPU
		Release|x86 = Release|x86
	EndGlobalSection
	GlobalSection(ProjectConfigurationPlatforms) = postSolution
		{54125235-761E-4A07-A836-8DA11101806F}.Debug|Any CPU.ActiveCfg = Debug|Any CPU
		{54125235-761E-4A07-A836-8DA11101806F}.Debug|Any CPU.Build.0 = Debug|Any CPU
		{54125235-761E-4A07-A836-8DA11101806F}.Debug|x86.ActiveCfg = Debug|Any CPU
		{54125235-761E-4A07-A836-8DA11101806F}.Debug|x86.Build.0 = Debug|Any CPU
		{54125235-761E-4A07-A836-8DA11101806F}.Release|Any CPU.ActiveCfg = Release|Any CPU
		{54125235-761E-4A07-A836-8DA11101806F}.Release|Any CPU.Build.0 = Release|Any CPU
		{54125235-761E-4A07-A836-8DA11101806F}.Release|x86.ActiveCfg = Release|Any CPU
		{54125235-761E-4A07-A836-8DA11101806F}.Release|x86.Build.0 = Release|Any CPU
	EndGlobalSection
	GlobalSection(SolutionProperties) = preSolution
		HideSolutionNode = FALSE
	EndGlobalSection
	GlobalSection(ExtensibilityGlobals) = postSolution
		SolutionGuid = {004F774E-66DC-46D0-AEF2-6B40D1DE297F}
	EndGlobalSection
EndGlobal
